{
  "nodes": {
    "home-manager": {
      "inputs": {
        "nixpkgs": [
          "nixpkgs"
        ]
      },
      "locked": {
        "lastModified": 1692763155,
        "narHash": "sha256-qMrGKZ8c/q/mHO3ZdrcBPwiVVXPLLgXjY98Ejqb5kAA=",
        "owner": "nix-community",
        "repo": "home-manager",
        "rev": "6a20e40acaebf067da682661aa67da8b36812606",
        "type": "github"
      },
      "original": {
        "owner": "nix-community",
        "repo": "home-manager",
        "type": "github"
      }
    },
    "nixpkgs": {
      "locked": {
        "lastModified": 1692734709,
        "narHash": "sha256-SCFnyHCyYjwEmgUsHDDuU0TsbVMKeU1vwkR+r7uS2Rg=",
        "path": "/nix/store/bvyfa81gq72lghmk6vj0ny9aa4kfp0zn-source",
        "rev": "b85ed9dcbf187b909ef7964774f8847d554fab3b",
        "type": "path"
      },
      "original": {
        "id": "nixpkgs",
        "type": "indirect"
      }
    },
    "paperwm-src": {
      "flake": false,
      "locked": {
        "lastModified": 1691706616,
        "narHash": "sha256-8GUxUnF8uHTcpryN0pTs/ZvqSXWq24h3iOzxGq6aZD0=",
        "owner": "paperwm",
        "repo": "PaperWM",
        "rev": "626bc60077d0fd89b5842a8e6da4bd95c9f988fe",
        "type": "github"
      },
      "original": {
        "owner": "paperwm",
        "repo": "PaperWM",
        "type": "github"
      }
    },
    "root": {
      "inputs": {
        "home-manager": "home-manager",
        "nixpkgs": "nixpkgs",
        "paperwm-src": "paperwm-src",
        "zsh-autosuggestions": "zsh-autosuggestions",
        "zsh-syntax-highlighting": "zsh-syntax-highlighting"
      }
    },
    "zsh-autosuggestions": {
      "flake": false,
      "locked": {
        "lastModified": 1692324904,
        "narHash": "sha256-4s6MO84uAgH5GNQem4ZUIxPk3OpqayDs2vJd6/scEeM=",
        "owner": "zsh-users",
        "repo": "zsh-autosuggestions",
        "rev": "9908eb49a3fd18e25cfd8a0b9aa841e58429e59d",
        "type": "github"
      },
      "original": {
        "owner": "zsh-users",
        "repo": "zsh-autosuggestions",
        "type": "github"
      }
    },
    "zsh-syntax-highlighting": {
      "flake": false,
      "locked": {
        "lastModified": 1685766260,
        "narHash": "sha256-iKx7lsQCoSAbpANYFkNVCZlTFdwOEI34rx/h1rnraSg=",
        "owner": "zsh-users",
        "repo": "zsh-syntax-highlighting",
        "rev": "1386f1213eb0b0589d73cd3cf7c56e6a972a9bfd",
        "type": "github"
      },
      "original": {
        "owner": "zsh-users",
        "repo": "zsh-syntax-highlighting",
        "type": "github"
      }
    }
  },
  "root": "root",
  "version": 7
}
